<Solution>
  <Project Path="../../../../Documents/G3MagnetBoots KSP/KSP_x64_Data/Managed/Assembly-CSharp-cleaned/KSP1 Decomp Assembly-CSharp.csproj" />
  <Project Path="../../../../Documents/KSP1&amp;KSP2 Decompiled/KSP2 Decompiled/KSP2 Decompiled Assembly-CSharp.csproj" />
  <Project Path="G3MagnetBoots.csproj" Id="62dd92aa-d131-4c1f-b5de-b025a0782908" />
</Solution>